<?xml version="1.0" encoding="utf-8"?>
<Project ToolsVersion="4.0" xmlns="http://schemas.microsoft.com/developer/msbuild/2003">
  <ItemGroup>
    <CudaCompile Include="src\lab01.cu">
      <Filter>runners</Filter>
    </CudaCompile>
    <CudaCompile Include="src\lab02.cu">
      <Filter>runners</Filter>
    </CudaCompile>
    <CudaCompile Include="src\lab03.cu">
      <Filter>runners</Filter>
    </CudaCompile>
    <CudaCompile Include="src\lab04.cu">
      <Filter>runners</Filter>
    </CudaCompile>
    <CudaCompile Include="src\lab06.cu">
      <Filter>runners</Filter>
    </CudaCompile>
    <CudaCompile Include="src\lab05.cu">
      <Filter>runners</Filter>
    </CudaCompile>
    <CudaCompile Include="src\lab07.cu">
      <Filter>runners</Filter>
    </CudaCompile>
    <CudaCompile Include="src\lab08.cu">
      <Filter>runners</Filter>
    </CudaCompile>
    <CudaCompile Include="src\credit_task1.cu">
      <Filter>runners</Filter>
    </CudaCompile>
    <CudaCompile Include="src\credit_task3.cu">
      <Filter>runners</Filter>
    </CudaCompile>
    <CudaCompile Include="src\lab09.cu">
      <Filter>runners</Filter>
    </CudaCompile>
    <CudaCompile Include="src\lab10.cu">
      <Filter>runners</Filter>
    </CudaCompile>
    <CudaCompile Include="src\credit_task4.cu">
      <Filter>runners</Filter>
    </CudaCompile>
    <CudaCompile Include="src\project.cu">
      <Filter>runners</Filter>
    </CudaCompile>
    <CudaCompile Include="src\Runner.cu" />
  </ItemGroup>
  <ItemGroup>
    <ClInclude Include="src\lab01.h">
      <Filter>headers</Filter>
    </ClInclude>
    <ClInclude Include="src\lab02.h">
      <Filter>headers</Filter>
    </ClInclude>
    <ClInclude Include="src\lab03.h">
      <Filter>headers</Filter>
    </ClInclude>
    <ClInclude Include="src\lab04.h">
      <Filter>headers</Filter>
    </ClInclude>
    <ClInclude Include="src\credit_task_1.h">
      <Filter>headers</Filter>
    </ClInclude>
    <ClInclude Include="src\lab05.h">
      <Filter>headers</Filter>
    </ClInclude>
    <ClInclude Include="src\lab06.h">
      <Filter>headers</Filter>
    </ClInclude>
    <ClInclude Include="src\lab07.h">
      <Filter>headers</Filter>
    </ClInclude>
    <ClInclude Include="src\lab08.h">
      <Filter>headers</Filter>
    </ClInclude>
    <ClInclude Include="src\credit_task3.h">
      <Filter>headers</Filter>
    </ClInclude>
    <ClInclude Include="src\lab09.h">
      <Filter>headers</Filter>
    </ClInclude>
    <ClInclude Include="src\lab10.h">
      <Filter>headers</Filter>
    </ClInclude>
    <ClInclude Include="src\credit_task4.h">
      <Filter>headers</Filter>
    </ClInclude>
    <ClInclude Include="src\project.h">
      <Filter>headers</Filter>
    </ClInclude>
  </ItemGroup>
  <ItemGroup>
    <Filter Include="runners">
      <UniqueIdentifier>{6e1cd16f-732e-4f56-8b11-5e8826dec8a2}</UniqueIdentifier>
    </Filter>
    <Filter Include="headers">
      <UniqueIdentifier>{9f0691ce-cfa6-4cd0-a1e2-bad4ace68144}</UniqueIdentifier>
    </Filter>
  </ItemGroup>
</Project>